<?xml version="1.0" encoding="utf-8"?>
<Project ToolsVersion="4.0" xmlns="http://schemas.microsoft.com/developer/msbuild/2003">
  <ItemGroup>
    <Filter Include="Source Files">
      <UniqueIdentifier>{4FC737F1-C7A5-4376-A066-2A32D752A2FF}</UniqueIdentifier>
      <Extensions>cpp;c;cc;cxx;def;odl;idl;hpj;bat;asm;asmx</Extensions>
    </Filter>
    <Filter Include="Header Files">
      <UniqueIdentifier>{93995380-89BD-4b04-88EB-625FBE52EBFB}</UniqueIdentifier>
      <Extensions>h;hpp;hxx;hm;inl;inc;xsd</Extensions>
    </Filter>
    <Filter Include="Resource Files">
      <UniqueIdentifier>{67DA6AB6-F800-4c08-8B7A-83BB121AAD01}</UniqueIdentifier>
      <Extensions>rc;ico;cur;bmp;dlg;rc2;rct;bin;rgs;gif;jpg;jpeg;jpe;resx;tiff;tif;png;wav;mfcribbon-ms</Extensions>
    </Filter>
    <Filter Include="Source Files\common">
      <UniqueIdentifier>{7345b4cc-99b7-4c30-858e-ea8560e0ea5e}</UniqueIdentifier>
    </Filter>
    <Filter Include="Source Files\utility">
      <UniqueIdentifier>{462fa0e0-71aa-466b-a50e-1966afbe99a2}</UniqueIdentifier>
    </Filter>
    <Filter Include="Source Files\centralised">
      <UniqueIdentifier>{6b7019ab-e841-4eb0-95e5-30c42efe3596}</UniqueIdentifier>
    </Filter>
    <Filter Include="Source Files\distributed">
      <UniqueIdentifier>{ce7459a4-a149-46f1-bdc4-5b5a60a2d4b8}</UniqueIdentifier>
    </Filter>
    <Filter Include="Source Files\distributed\common">
      <UniqueIdentifier>{bfb1f132-ef71-4c66-9dc3-efa970b1afbe}</UniqueIdentifier>
    </Filter>
    <Filter Include="Source Files\distributed\async">
      <UniqueIdentifier>{2173eb91-e899-4d1c-a67c-e2efec3b9366}</UniqueIdentifier>
    </Filter>
    <Filter Include="Source Files\distributed\sync">
      <UniqueIdentifier>{aa20b8a8-67c3-4074-b6cc-edd995434f6f}</UniqueIdentifier>
    </Filter>
    <Filter Include="Source Files\decentralised">
      <UniqueIdentifier>{969a46a5-911d-4c9b-8e24-3ab133ae376b}</UniqueIdentifier>
    </Filter>
  </ItemGroup>
  <ItemGroup>
    <ClCompile Include="..\..\..\..\Utility\Sandbox\main.cpp">
      <Filter>Source Files</Filter>
    </ClCompile>
    <ClCompile Include="..\..\..\..\Utility\Sandbox\Half.cpp">
      <Filter>Source Files\common</Filter>
    </ClCompile>
    <ClCompile Include="..\..\..\..\Utility\Sandbox\AsyncTaskPipeline.cpp">
      <Filter>Source Files\distributed\async</Filter>
    </ClCompile>
    <ClCompile Include="..\..\..\..\Utility\Sandbox\SyncTaskPipeline.cpp">
      <Filter>Source Files\distributed\sync</Filter>
    </ClCompile>
    <ClCompile Include="..\..\..\..\Utility\Sandbox\AdminController.cpp">
      <Filter>Source Files\distributed\common</Filter>
    </ClCompile>
    <ClCompile Include="..\..\..\..\Utility\Sandbox\CommandParser.cpp">
      <Filter>Source Files\distributed\common</Filter>
    </ClCompile>
    <ClCompile Include="..\..\..\..\Utility\Sandbox\Controller.cpp">
      <Filter>Source Files\distributed\common</Filter>
    </ClCompile>
    <ClCompile Include="..\..\..\..\Utility\Sandbox\Coordinator.cpp">
      <Filter>Source Files\distributed\common</Filter>
    </ClCompile>
    <ClCompile Include="..\..\..\..\Utility\Sandbox\RenderTaskCoordinator.cpp">
      <Filter>Source Files\distributed\sync</Filter>
    </ClCompile>
    <ClCompile Include="..\..\..\..\Utility\Sandbox\RenderTaskPipeline.cpp">
      <Filter>Source Files\distributed\sync</Filter>
    </ClCompile>
    <ClCompile Include="..\..\..\..\Utility\Sandbox\RenderTaskWorker.cpp">
      <Filter>Source Files\distributed\sync</Filter>
    </ClCompile>
    <ClCompile Include="..\..\..\..\Utility\Sandbox\Resource.cpp">
      <Filter>Source Files\distributed\common</Filter>
    </ClCompile>
    <ClCompile Include="..\..\..\..\Utility\Sandbox\ResourceManager.cpp">
      <Filter>Source Files\distributed\common</Filter>
    </ClCompile>
    <ClCompile Include="..\..\..\..\Utility\Sandbox\ServiceManager.cpp">
      <Filter>Source Files\distributed\common</Filter>
    </ClCompile>
    <ClCompile Include="..\..\..\..\Utility\Sandbox\TaskController.cpp">
      <Filter>Source Files\distributed\common</Filter>
    </ClCompile>
    <ClCompile Include="..\..\..\..\Utility\Sandbox\TaskPipeline.cpp">
      <Filter>Source Files\distributed\common</Filter>
    </ClCompile>
    <ClCompile Include="..\..\..\..\Utility\Sandbox\Worker.cpp">
      <Filter>Source Files\distributed\common</Filter>
    </ClCompile>
    <ClCompile Include="..\..\..\..\Utility\Sandbox\AsyncRenderTaskCoordinator.cpp">
      <Filter>Source Files\distributed\async</Filter>
    </ClCompile>
    <ClCompile Include="..\..\..\..\Utility\Sandbox\AsyncRenderTaskWorker.cpp">
      <Filter>Source Files\distributed\async</Filter>
    </ClCompile>
  </ItemGroup>
  <ItemGroup>
    <ClInclude Include="..\..\..\..\Utility\Sandbox\Logger.h">
      <Filter>Source Files\common</Filter>
    </ClInclude>
    <ClInclude Include="..\..\..\..\Utility\Sandbox\Environment.h">
      <Filter>Source Files\common</Filter>
    </ClInclude>
    <ClInclude Include="..\..\..\..\Utility\Sandbox\UniqueId.h">
      <Filter>Source Files\common</Filter>
    </ClInclude>
    <ClInclude Include="..\..\..\..\Utility\Sandbox\Half.h">
      <Filter>Source Files\common</Filter>
    </ClInclude>
    <ClInclude Include="..\..\..\..\Utility\Sandbox\Export.h">
      <Filter>Source Files\utility</Filter>
    </ClInclude>
    <ClInclude Include="..\..\..\..\Utility\Sandbox\Multithreaded.h">
      <Filter>Source Files\centralised</Filter>
    </ClInclude>
    <ClInclude Include="..\..\..\..\Utility\Sandbox\MultithreadedFrameless.h">
      <Filter>Source Files\centralised</Filter>
    </ClInclude>
    <ClInclude Include="..\..\..\..\Utility\Sandbox\MultithreadedCommon.h">
      <Filter>Source Files\centralised</Filter>
    </ClInclude>
    <ClInclude Include="..\..\..\..\Utility\Sandbox\AsyncTaskPipeline.h">
      <Filter>Source Files\distributed\async</Filter>
    </ClInclude>
    <ClInclude Include="..\..\..\..\Utility\Sandbox\SyncTaskPipeline.h">
      <Filter>Source Files\distributed\sync</Filter>
    </ClInclude>
    <ClInclude Include="..\..\..\..\Utility\Sandbox\AdminController.h">
      <Filter>Source Files\distributed\common</Filter>
    </ClInclude>
    <ClInclude Include="..\..\..\..\Utility\Sandbox\CommandParser.h">
      <Filter>Source Files\distributed\common</Filter>
    </ClInclude>
    <ClInclude Include="..\..\..\..\Utility\Sandbox\Communicator.h">
      <Filter>Source Files\distributed\common</Filter>
    </ClInclude>
    <ClInclude Include="..\..\..\..\Utility\Sandbox\Controller.h">
      <Filter>Source Files\distributed\common</Filter>
    </ClInclude>
    <ClInclude Include="..\..\..\..\Utility\Sandbox\Coordinator.h">
      <Filter>Source Files\distributed\common</Filter>
    </ClInclude>
    <ClInclude Include="..\..\..\..\Utility\Sandbox\MessageQueue.h">
      <Filter>Source Files\distributed\common</Filter>
    </ClInclude>
    <ClInclude Include="..\..\..\..\Utility\Sandbox\RenderTaskCommon.h">
      <Filter>Source Files\distributed\common</Filter>
    </ClInclude>
    <ClInclude Include="..\..\..\..\Utility\Sandbox\RenderTaskCoordinator.h">
      <Filter>Source Files\distributed\sync</Filter>
    </ClInclude>
    <ClInclude Include="..\..\..\..\Utility\Sandbox\RenderTaskPipeline.h">
      <Filter>Source Files\distributed\sync</Filter>
    </ClInclude>
    <ClInclude Include="..\..\..\..\Utility\Sandbox\RenderTaskWorker.h">
      <Filter>Source Files\distributed\sync</Filter>
    </ClInclude>
    <ClInclude Include="..\..\..\..\Utility\Sandbox\Resource.h">
      <Filter>Source Files\distributed\common</Filter>
    </ClInclude>
    <ClInclude Include="..\..\..\..\Utility\Sandbox\ResourceManager.h">
      <Filter>Source Files\distributed\common</Filter>
    </ClInclude>
    <ClInclude Include="..\..\..\..\Utility\Sandbox\ServiceManager.h">
      <Filter>Source Files\distributed\common</Filter>
    </ClInclude>
    <ClInclude Include="..\..\..\..\Utility\Sandbox\Task.h">
      <Filter>Source Files\distributed\common</Filter>
    </ClInclude>
    <ClInclude Include="..\..\..\..\Utility\Sandbox\TaskController.h">
      <Filter>Source Files\distributed\common</Filter>
    </ClInclude>
    <ClInclude Include="..\..\..\..\Utility\Sandbox\TaskPipeline.h">
      <Filter>Source Files\distributed\common</Filter>
    </ClInclude>
    <ClInclude Include="..\..\..\..\Utility\Sandbox\Worker.h">
      <Filter>Source Files\distributed\common</Filter>
    </ClInclude>
    <ClInclude Include="..\..\..\..\Utility\Sandbox\AsyncRenderTaskPipeline.h">
      <Filter>Source Files\distributed\async</Filter>
    </ClInclude>
    <ClInclude Include="..\..\..\..\Utility\Sandbox\AsyncRenderTaskCoordinator.h">
      <Filter>Source Files\distributed\async</Filter>
    </ClInclude>
    <ClInclude Include="..\..\..\..\Utility\Sandbox\AsyncRenderTaskWorker.h">
      <Filter>Source Files\distributed\async</Filter>
    </ClInclude>
    <ClInclude Include="..\..\..\..\Utility\Sandbox\SHMViewer.h">
      <Filter>Source Files\utility</Filter>
    </ClInclude>
    <ClInclude Include="..\..\..\..\Utility\Sandbox\Peer.h">
      <Filter>Source Files\decentralised</Filter>
    </ClInclude>
  </ItemGroup>
</Project>